
Microsoft Visual Studio Solution File, Format Version 12.00
# Visual Studio Version 17
VisualStudioVersion = 17.11.35208.52
MinimumVisualStudioVersion = 10.0.40219.1
Project("{8BC9CEB8-8B4A-11D0-8D11-00A0C91BC942}") = "TU-OOP-Project", "TU-OOP-Project\TU-OOP-Project.vcxproj", "{096DBA52-4858-48BB-84D7-28B0AE14FDCE}"
EndProject
Global
	GlobalSection(SolutionConfigurationPlatforms) = preSolution
		Debug|x64 = Debug|x64
		Debug|x86 = Debug|x86
		Release|x64 = Release|x64
		Release|x86 = Release|x86
	EndGlobalSection
	GlobalSection(ProjectConfigurationPlatforms) = postSolution
		{096DBA52-4858-48BB-84D7-28B0AE14FDCE}.Debug|x64.ActiveCfg = Debug|x64
		{096DBA52-4858-48BB-84D7-28B0AE14FDCE}.Debug|x64.Build.0 = Debug|x64
		{096DBA52-4858-48BB-84D7-28B0AE14FDCE}.Debug|x86.ActiveCfg = Debug|Win32
		{096DBA52-4858-48BB-84D7-28B0AE14FDCE}.Debug|x86.Build.0 = Debug|Win32
		{096DBA52-4858-48BB-84D7-28B0AE14FDCE}.Release|x64.ActiveCfg = Release|x64
		{096DBA52-4858-48BB-84D7-28B0AE14FDCE}.Release|x64.Build.0 = Release|x64
		{096DBA52-4858-48BB-84D7-28B0AE14FDCE}.Release|x86.ActiveCfg = Release|Win32
		{096DBA52-4858-48BB-84D7-28B0AE14FDCE}.Release|x86.Build.0 = Release|Win32
	EndGlobalSection
	GlobalSection(SolutionProperties) = preSolution
		HideSolutionNode = FALSE
	EndGlobalSection
	GlobalSection(ExtensibilityGlobals) = postSolution
		SolutionGuid = {D0D3C2C1-EFF6-40D6-A225-0B0177123542}
	EndGlobalSection
EndGlobal
